
Microsoft Visual Studio Solution File, Format Version 12.00
# Visual Studio Version 16
VisualStudioVersion = 16.0.30413.136
MinimumVisualStudioVersion = 10.0.40219.1
Project("{FAE04EC0-301F-11D3-BF4B-00C04F79EFBC}") = "TypingGameWPF", "TypingGameWPF\TypingGameWPF.csproj", "{7641AA9A-7161-4118-A04B-393868DD6BDA}"
EndProject
Global
	GlobalSection(SolutionConfigurationPlatforms) = preSolution
		Debug|Any CPU = Debug|Any CPU
		Release|Any CPU = Release|Any CPU
	EndGlobalSection
	GlobalSection(ProjectConfigurationPlatforms) = postSolution
		{7641AA9A-7161-4118-A04B-393868DD6BDA}.Debug|Any CPU.ActiveCfg = Debug|Any CPU
		{7641AA9A-7161-4118-A04B-393868DD6BDA}.Debug|Any CPU.Build.0 = Debug|Any CPU
		{7641AA9A-7161-4118-A04B-393868DD6BDA}.Release|Any CPU.ActiveCfg = Release|Any CPU
		{7641AA9A-7161-4118-A04B-393868DD6BDA}.Release|Any CPU.Build.0 = Release|Any CPU
	EndGlobalSection
	GlobalSection(SolutionProperties) = preSolution
		HideSolutionNode = FALSE
	EndGlobalSection
	GlobalSection(ExtensibilityGlobals) = postSolution
		SolutionGuid = {A8B3CC86-E046-4A22-A48D-6D54ACBE0902}
	EndGlobalSection
EndGlobal
